
Microsoft Visual Studio Solution File, Format Version 12.00
# Visual Studio Version 16
VisualStudioVersion = 16.0.30907.101
MinimumVisualStudioVersion = 10.0.40219.1
Project("{FAE04EC0-301F-11D3-BF4B-00C04F79EFBC}") = "HotelListing", "HotelListing\HotelListing.csproj", "{0ACE9C2B-BBD1-469B-BBB0-1F18BEC970C1}"
EndProject
Global
	GlobalSection(SolutionConfigurationPlatforms) = preSolution
		Debug|Any CPU = Debug|Any CPU
		Release|Any CPU = Release|Any CPU
	EndGlobalSection
	GlobalSection(ProjectConfigurationPlatforms) = postSolution
		{0ACE9C2B-BBD1-469B-BBB0-1F18BEC970C1}.Debug|Any CPU.ActiveCfg = Debug|Any CPU
		{0ACE9C2B-BBD1-469B-BBB0-1F18BEC970C1}.Debug|Any CPU.Build.0 = Debug|Any CPU
		{0ACE9C2B-BBD1-469B-BBB0-1F18BEC970C1}.Release|Any CPU.ActiveCfg = Release|Any CPU
		{0ACE9C2B-BBD1-469B-BBB0-1F18BEC970C1}.Release|Any CPU.Build.0 = Release|Any CPU
	EndGlobalSection
	GlobalSection(SolutionProperties) = preSolution
		HideSolutionNode = FALSE
	EndGlobalSection
	GlobalSection(ExtensibilityGlobals) = postSolution
		SolutionGuid = {D99850BF-E12A-46C4-AE70-CD4A237EE89F}
	EndGlobalSection
EndGlobal
